// !$*UTF8*$!
{
	archiveVersion = 1;
	classes = {
	};
	objectVersion = 50;
	objects = {

/* Begin PBXBuildFile section */
		F19A659222BA347E007F3C2A /* AppDelegate.m in Sources */ = {isa = PBXBuildFile; fileRef = F19A659122BA347E007F3C2A /* AppDelegate.m */; };
		F19A659522BA347E007F3C2A /* FirstViewController.m in Sources */ = {isa = PBXBuildFile; fileRef = F19A659422BA347E007F3C2A /* FirstViewController.m */; };
		F19A659822BA347E007F3C2A /* SecondViewController.m in Sources */ = {isa = PBXBuildFile; fileRef = F19A659722BA347E007F3C2A /* SecondViewController.m */; };
		F19A659B22BA347E007F3C2A /* Main.storyboard in Resources */ = {isa = PBXBuildFile; fileRef = F19A659922BA347E007F3C2A /* Main.storyboard */; };
		F19A659D22BA3480007F3C2A /* Assets.xcassets in Resources */ = {isa = PBXBuildFile; fileRef = F19A659C22BA3480007F3C2A /* Assets.xcassets */; };
		F19A65A022BA3480007F3C2A /* LaunchScreen.storyboard in Resources */ = {isa = PBXBuildFile; fileRef = F19A659E22BA3480007F3C2A /* LaunchScreen.storyboard */; };
		F19A65A322BA3480007F3C2A /* main.m in Sources */ = {isa = PBXBuildFile; fileRef = F19A65A222BA3480007F3C2A /* main.m */; };
/* End PBXBuildFile section */

/* Begin PBXFileReference section */
		F19A658D22BA347E007F3C2A /* XXTabBar.app */ = {isa = PBXFileReference; explicitFileType = wrapper.application; includeInIndex = 0; path = XXTabBar.app; sourceTree = BUILT_PRODUCTS_DIR; };
		F19A659022BA347E007F3C2A /* AppDelegate.h */ = {isa = PBXFileReference; lastKnownFileType = sourcecode.c.h; path = AppDelegate.h; sourceTree = "<group>"; };
		F19A659122BA347E007F3C2A /* AppDelegate.m */ = {isa = PBXFileReference; lastKnownFileType = sourcecode.c.objc; path = AppDelegate.m; sourceTree = "<group>"; };
		F19A659322BA347E007F3C2A /* FirstViewController.h */ = {isa = PBXFileReference; lastKnownFileType = sourcecode.c.h; path = FirstViewController.h; sourceTree = "<group>"; };
		F19A659422BA347E007F3C2A /* FirstViewController.m */ = {isa = PBXFileReference; lastKnownFileType = sourcecode.c.objc; path = FirstViewController.m; sourceTree = "<group>"; };
		F19A659622BA347E007F3C2A /* SecondViewController.h */ = {isa = PBXFileReference; lastKnownFileType = sourcecode.c.h; path = SecondViewController.h; sourceTree = "<group>"; };
		F19A659722BA347E007F3C2A /* SecondViewController.m */ = {isa = PBXFileReference; lastKnownFileType = sourcecode.c.objc; path = SecondViewController.m; sourceTree = "<group>"; };
		F19A659A22BA347E007F3C2A /* Base */ = {isa = PBXFileReference; lastKnownFileType = file.storyboard; name = Base; path = Base.lproj/Main.storyboard; sourceTree = "<group>"; };
		F19A659C22BA3480007F3C2A /* Assets.xcassets */ = {isa = PBXFileReference; lastKnownFileType = folder.assetcatalog; path = Assets.xcassets; sourceTree = "<group>"; };
		F19A659F22BA3480007F3C2A /* Base */ = {isa = PBXFileReference; lastKnownFileType = file.storyboard; name = Base; path = Base.lproj/LaunchScreen.storyboard; sourceTree = "<group>"; };
		F19A65A122BA3480007F3C2A /* Info.plist */ = {isa = PBXFileReference; lastKnownFileType = text.plist.xml; path = Info.plist; sourceTree = "<group>"; };
		F19A65A222BA3480007F3C2A /* main.m */ = {isa = PBXFileReference; lastKnownFileType = sourcecode.c.objc; path = main.m; sourceTree = "<group>"; };
/* End PBXFileReference section */

/* Begin PBXFrameworksBuildPhase section */
		F19A658A22BA347E007F3C2A /* Frameworks */ = {
			isa = PBXFrameworksBuildPhase;
			buildActionMask = 2147483647;
			files = (
			);
			runOnlyForDeploymentPostprocessing = 0;
		};
/* End PBXFrameworksBuildPhase section */

/* Begin PBXGroup section */
		F19A658422BA347E007F3C2A = {
			isa = PBXGroup;
			children = (
				F19A658F22BA347E007F3C2A /* XXTabBar */,
				F19A658E22BA347E007F3C2A /* Products */,
			);
			sourceTree = "<group>";
		};
		F19A658E22BA347E007F3C2A /* Products */ = {
			isa = PBXGroup;
			children = (
				F19A658D22BA347E007F3C2A /* XXTabBar.app */,
			);
			name = Products;
			sourceTree = "<group>";
		};
		F19A658F22BA347E007F3C2A /* XXTabBar */ = {
			isa = PBXGroup;
			children = (
				F19A659022BA347E007F3C2A /* AppDelegate.h */,
				F19A659122BA347E007F3C2A /* AppDelegate.m */,
				F19A659322BA347E007F3C2A /* FirstViewController.h */,
				F19A659422BA347E007F3C2A /* FirstViewController.m */,
				F19A659622BA347E007F3C2A /* SecondViewController.h */,
				F19A659722BA347E007F3C2A /* SecondViewController.m */,
				F19A659922BA347E007F3C2A /* Main.storyboard */,
				F19A659C22BA3480007F3C2A /* Assets.xcassets */,
				F19A659E22BA3480007F3C2A /* LaunchScreen.storyboard */,
				F19A65A122BA3480007F3C2A /* Info.plist */,
				F19A65A222BA3480007F3C2A /* main.m */,
			);
			path = XXTabBar;
			sourceTree = "<group>";
		};
/* End PBXGroup section */

/* Begin PBXNativeTarget section */
		F19A658C22BA347E007F3C2A /* XXTabBar */ = {
			isa = PBXNativeTarget;
			buildConfigurationList = F19A65A622BA3480007F3C2A /* Build configuration list for PBXNativeTarget "XXTabBar" */;
			buildPhases = (
				F19A658922BA347E007F3C2A /* Sources */,
				F19A658A22BA347E007F3C2A /* Frameworks */,
				F19A658B22BA347E007F3C2A /* Resources */,
			);
			buildRules = (
			);
			dependencies = (
			);
			name = XXTabBar;
			productName = XXTabBar;
			productReference = F19A658D22BA347E007F3C2A /* XXTabBar.app */;
			productType = "com.apple.product-type.application";
		};
/* End PBXNativeTarget section */

/* Begin PBXProject section */
		F19A658522BA347E007F3C2A /* Project object */ = {
			isa = PBXProject;
			attributes = {
				LastUpgradeCheck = 1020;
				ORGANIZATIONNAME = xx;
				TargetAttributes = {
					F19A658C22BA347E007F3C2A = {
						CreatedOnToolsVersion = 10.2.1;
					};
				};
			};
			buildConfigurationList = F19A658822BA347E007F3C2A /* Build configuration list for PBXProject "XXTabBar" */;
			compatibilityVersion = "Xcode 9.3";
			developmentRegion = en;
			hasScannedForEncodings = 0;
			knownRegions = (
				en,
				Base,
			);
			mainGroup = F19A658422BA347E007F3C2A;
			productRefGroup = F19A658E22BA347E007F3C2A /* Products */;
			projectDirPath = "";
			projectRoot = "";
			targets = (
				F19A658C22BA347E007F3C2A /* XXTabBar */,
			);
		};
/* End PBXProject section */

/* Begin PBXResourcesBuildPhase section */
		F19A658B22BA347E007F3C2A /* Resources */ = {
			isa = PBXResourcesBuildPhase;
			buildActionMask = 2147483647;
			files = (
				F19A65A022BA3480007F3C2A /* LaunchScreen.storyboard in Resources */,
				F19A659D22BA3480007F3C2A /* Assets.xcassets in Resources */,
				F19A659B22BA347E007F3C2A /* Main.storyboard in Resources */,
			);
			runOnlyForDeploymentPostprocessing = 0;
		};
/* End PBXResourcesBuildPhase section */

/* Begin PBXSourcesBuildPhase section */
		F19A658922BA347E007F3C2A /* Sources */ = {
			isa = PBXSourcesBuildPhase;
			buildActionMask = 2147483647;
			files = (
				F19A659822BA347E007F3C2A /* SecondViewController.m in Sources */,
				F19A659222BA347E007F3C2A /* AppDelegate.m in Sources */,
				F19A65A322BA3480007F3C2A /* main.m in Sources */,
				F19A659522BA347E007F3C2A /* FirstViewController.m in Sources */,
			);
			runOnlyForDeploymentPostprocessing = 0;
		};
/* End PBXSourcesBuildPhase section */

/* Begin PBXVariantGroup section */
		F19A659922BA347E007F3C2A /* Main.storyboard */ = {
			isa = PBXVariantGroup;
			children = (
				F19A659A22BA347E007F3C2A /* Base */,
			);
			name = Main.storyboard;
			sourceTree = "<group>";
		};
		F19A659E22BA3480007F3C2A /* LaunchScreen.storyboard */ = {
			isa = PBXVariantGroup;
			children = (
				F19A659F22BA3480007F3C2A /* Base */,
			);
			name = LaunchScreen.storyboard;
			sourceTree = "<group>";
		};
/* End PBXVariantGroup section */

/* Begin XCBuildConfiguration section */
		F19A65A422BA3480007F3C2A /* Debug */ = {
			isa = XCBuildConfiguration;
			buildSettings = {
				ALWAYS_SEARCH_USER_PATHS = NO;
				CLANG_ANALYZER_NONNULL = YES;
				CLANG_ANALYZER_NUMBER_OBJECT_CONVERSION = YES_AGGRESSIVE;
				CLANG_CXX_LANGUAGE_STANDARD = "gnu++14";
				CLANG_CXX_LIBRARY = "libc++";
				CLANG_ENABLE_MODULES = YES;
				CLANG_ENABLE_OBJC_ARC = YES;
				CLANG_ENABLE_OBJC_WEAK = YES;
				CLANG_WARN_BLOCK_CAPTURE_AUTORELEASING = YES;
				CLANG_WARN_BOOL_CONVERSION = YES;
				CLANG_WARN_COMMA = YES;
				CLANG_WARN_CONSTANT_CONVERSION = YES;
				CLANG_WARN_DEPRECATED_OBJC_IMPLEMENTATIONS = YES;
				CLANG_WARN_DIRECT_OBJC_ISA_USAGE = YES_ERROR;
				CLANG_WARN_DOCUMENTATION_COMMENTS = YES;
				CLANG_WARN_EMPTY_BODY = YES;
				CLANG_WARN_ENUM_CONVERSION = YES;
				CLANG_WARN_INFINITE_RECURSION = YES;
				CLANG_WARN_INT_CONVERSION = YES;
				CLANG_WARN_NON_LITERAL_NULL_CONVERSION = YES;
				CLANG_WARN_OBJC_IMPLICIT_RETAIN_SELF = YES;
				CLANG_WARN_OBJC_LITERAL_CONVERSION = YES;
				CLANG_WARN_OBJC_ROOT_CLASS = YES_ERROR;
				CLANG_WARN_RANGE_LOOP_ANALYSIS = YES;
				CLANG_WARN_STRICT_PROTOTYPES = YES;
				CLANG_WARN_SUSPICIOUS_MOVE = YES;
				CLANG_WARN_UNGUARDED_AVAILABILITY = YES_AGGRESSIVE;
				CLANG_WARN_UNREACHABLE_CODE = YES;
				CLANG_WARN__DUPLICATE_METHOD_MATCH = YES;
				CODE_SIGN_IDENTITY = "iPhone Developer";
				COPY_PHASE_STRIP = NO;
				DEBUG_INFORMATION_FORMAT = dwarf;
				ENABLE_STRICT_OBJC_MSGSEND = YES;
				ENABLE_TESTABILITY = YES;
				GCC_C_LANGUAGE_STANDARD = gnu11;
				GCC_DYNAMIC_NO_PIC = NO;
				GCC_NO_COMMON_BLOCKS = YES;
				GCC_OPTIMIZATION_LEVEL = 0;
				GCC_PREPROCESSOR_DEFINITIONS = (
					"DEBUG=1",
					"$(inherited)",
				);
				GCC_WARN_64_TO_32_BIT_CONVERSION = YES;
				GCC_WARN_ABOUT_RETURN_TYPE = YES_ERROR;
				GCC_WARN_UNDECLARED_SELECTOR = YES;
				GCC_WARN_UNINITIALIZED_AUTOS = YES_AGGRESSIVE;
				GCC_WARN_UNUSED_FUNCTION = YES;
				GCC_WARN_UNUSED_VARIABLE = YES;
				IPHONEOS_DEPLOYMENT_TARGET = 12.2;
				MTL_ENABLE_DEBUG_INFO = INCLUDE_SOURCE;
				MTL_FAST_MATH = YES;
				ONLY_ACTIVE_ARCH = YES;
				SDKROOT = iphoneos;
			};
			name = Debug;
		};
		F19A65A522BA3480007F3C2A /* Release */ = {
			isa = XCBuildConfiguration;
			buildSettings = {
				ALWAYS_SEARCH_USER_PATHS = NO;
				CLANG_ANALYZER_NONNULL = YES;
				CLANG_ANALYZER_NUMBER_OBJECT_CONVERSION = YES_AGGRESSIVE;
				CLANG_CXX_LANGUAGE_STANDARD = "gnu++14";
				CLANG_CXX_LIBRARY = "libc++";
				CLANG_ENABLE_MODULES = YES;
				CLANG_ENABLE_OBJC_ARC = YES;
				CLANG_ENABLE_OBJC_WEAK = YES;
				CLANG_WARN_BLOCK_CAPTURE_AUTORELEASING = YES;
				CLANG_WARN_BOOL_CONVERSION = YES;
				CLANG_WARN_COMMA = YES;
				CLANG_WARN_CONSTANT_CONVERSION = YES;
				CLANG_WARN_DEPRECATED_OBJC_IMPLEMENTATIONS = YES;
				CLANG_WARN_DIRECT_OBJC_ISA_USAGE = YES_ERROR;
				CLANG_WARN_DOCUMENTATION_COMMENTS = YES;
				CLANG_WARN_EMPTY_BODY = YES;
				CLANG_WARN_ENUM_CONVERSION = YES;
				CLANG_WARN_INFINITE_RECURSION = YES;
				CLANG_WARN_INT_CONVERSION = YES;
				CLANG_WARN_NON_LITERAL_NULL_CONVERSION = YES;
				CLANG_WARN_OBJC_IMPLICIT_RETAIN_SELF = YES;
				CLANG_WARN_OBJC_LITERAL_CONVERSION = YES;
				CLANG_WARN_OBJC_ROOT_CLASS = YES_ERROR;
				CLANG_WARN_RANGE_LOOP_ANALYSIS = YES;
				CLANG_WARN_STRICT_PROTOTYPES = YES;
				CLANG_WARN_SUSPICIOUS_MOVE = YES;
				CLANG_WARN_UNGUARDED_AVAILABILITY = YES_AGGRESSIVE;
				CLANG_WARN_UNREACHABLE_CODE = YES;
				CLANG_WARN__DUPLICATE_METHOD_MATCH = YES;
				CODE_SIGN_IDENTITY = "iPhone Developer";
				COPY_PHASE_STRIP = NO;
				DEBUG_INFORMATION_FORMAT = "dwarf-with-dsym";
				ENABLE_NS_ASSERTIONS = NO;
				ENABLE_STRICT_OBJC_MSGSEND = YES;
				GCC_C_LANGUAGE_STANDARD = gnu11;
				GCC_NO_COMMON_BLOCKS = YES;
				GCC_WARN_64_TO_32_BIT_CONVERSION = YES;
				GCC_WARN_ABOUT_RETURN_TYPE = YES_ERROR;
				GCC_WARN_UNDECLARED_SELECTOR = YES;
				GCC_WARN_UNINITIALIZED_AUTOS = YES_AGGRESSIVE;
				GCC_WARN_UNUSED_FUNCTION = YES;
				GCC_WARN_UNUSED_VARIABLE = YES;
				IPHONEOS_DEPLOYMENT_TARGET = 12.2;
				MTL_ENABLE_DEBUG_INFO = NO;
				MTL_FAST_MATH = YES;
				SDKROOT = iphoneos;
				VALIDATE_PRODUCT = YES;
			};
			name = Release;
		};
		F19A65A722BA3480007F3C2A /* Debug */ = {
			isa = XCBuildConfiguration;
			buildSettings = {
				ASSETCATALOG_COMPILER_APPICON_NAME = AppIcon;
				CODE_SIGN_STYLE = Automatic;
				INFOPLIST_FILE = XXTabBar/Info.plist;
				LD_RUNPATH_SEARCH_PATHS = (
					"$(inherited)",
					"@executable_path/Frameworks",
				);
				PRODUCT_BUNDLE_IDENTIFIER = com.xx.XXTabBar;
				PRODUCT_NAME = "$(TARGET_NAME)";
				TARGETED_DEVICE_FAMILY = "1,2";
			};
			name = Debug;
		};
		F19A65A822BA3480007F3C2A /* Release */ = {
			isa = XCBuildConfiguration;
			buildSettings = {
				ASSETCATALOG_COMPILER_APPICON_NAME = AppIcon;
				CODE_SIGN_STYLE = Automatic;
				INFOPLIST_FILE = XXTabBar/Info.plist;
				LD_RUNPATH_SEARCH_PATHS = (
					"$(inherited)",
					"@executable_path/Frameworks",
				);
				PRODUCT_BUNDLE_IDENTIFIER = com.xx.XXTabBar;
				PRODUCT_NAME = "$(TARGET_NAME)";
				TARGETED_DEVICE_FAMILY = "1,2";
			};
			name = Release;
		};
/* End XCBuildConfiguration section */

/* Begin XCConfigurationList section */
		F19A658822BA347E007F3C2A /* Build configuration list for PBXProject "XXTabBar" */ = {
			isa = XCConfigurationList;
			buildConfigurations = (
				F19A65A422BA3480007F3C2A /* Debug */,
				F19A65A522BA3480007F3C2A /* Release */,
			);
			defaultConfigurationIsVisible = 0;
			defaultConfigurationName = Release;
		};
		F19A65A622BA3480007F3C2A /* Build configuration list for PBXNativeTarget "XXTabBar" */ = {
			isa = XCConfigurationList;
			buildConfigurations = (
				F19A65A722BA3480007F3C2A /* Debug */,
				F19A65A822BA3480007F3C2A /* Release */,
			);
			defaultConfigurationIsVisible = 0;
			defaultConfigurationName = Release;
		};
/* End XCConfigurationList section */
	};
	rootObject = F19A658522BA347E007F3C2A /* Project object */;
}
